
Microsoft Visual Studio Solution File, Format Version 12.00
# Visual Studio Version 17
VisualStudioVersion = 17.0.31903.59
MinimumVisualStudioVersion = 10.0.40219.1
Project("{FAE04EC0-301F-11D3-BF4B-00C04F79EFBC}") = "day01", "day01\day01.csproj", "{7A552E29-D6E8-4829-A822-C71E8FFD6B48}"
EndProject
Project("{FAE04EC0-301F-11D3-BF4B-00C04F79EFBC}") = "day02", "day02\day02.csproj", "{E5552F5C-7A1E-49E3-A773-9AE0E62B2470}"
EndProject
Project("{FAE04EC0-301F-11D3-BF4B-00C04F79EFBC}") = "day03", "day03\day03.csproj", "{AB357511-3DE3-4F0B-BFA6-F3731E530DEB}"
EndProject
Global
	GlobalSection(SolutionConfigurationPlatforms) = preSolution
		Debug|Any CPU = Debug|Any CPU
		Release|Any CPU = Release|Any CPU
	EndGlobalSection
	GlobalSection(SolutionProperties) = preSolution
		HideSolutionNode = FALSE
	EndGlobalSection
	GlobalSection(ProjectConfigurationPlatforms) = postSolution
		{7A552E29-D6E8-4829-A822-C71E8FFD6B48}.Debug|Any CPU.ActiveCfg = Debug|Any CPU
		{7A552E29-D6E8-4829-A822-C71E8FFD6B48}.Debug|Any CPU.Build.0 = Debug|Any CPU
		{7A552E29-D6E8-4829-A822-C71E8FFD6B48}.Release|Any CPU.ActiveCfg = Release|Any CPU
		{7A552E29-D6E8-4829-A822-C71E8FFD6B48}.Release|Any CPU.Build.0 = Release|Any CPU
		{E5552F5C-7A1E-49E3-A773-9AE0E62B2470}.Debug|Any CPU.ActiveCfg = Debug|Any CPU
		{E5552F5C-7A1E-49E3-A773-9AE0E62B2470}.Debug|Any CPU.Build.0 = Debug|Any CPU
		{E5552F5C-7A1E-49E3-A773-9AE0E62B2470}.Release|Any CPU.ActiveCfg = Release|Any CPU
		{E5552F5C-7A1E-49E3-A773-9AE0E62B2470}.Release|Any CPU.Build.0 = Release|Any CPU
		{AB357511-3DE3-4F0B-BFA6-F3731E530DEB}.Debug|Any CPU.ActiveCfg = Debug|Any CPU
		{AB357511-3DE3-4F0B-BFA6-F3731E530DEB}.Debug|Any CPU.Build.0 = Debug|Any CPU
		{AB357511-3DE3-4F0B-BFA6-F3731E530DEB}.Release|Any CPU.ActiveCfg = Release|Any CPU
		{AB357511-3DE3-4F0B-BFA6-F3731E530DEB}.Release|Any CPU.Build.0 = Release|Any CPU
	EndGlobalSection
EndGlobal
